
Microsoft Visual Studio Solution File, Format Version 12.00
# Visual Studio Version 17
VisualStudioVersion = 17.0.31919.166
MinimumVisualStudioVersion = 10.0.40219.1
Project("{8BC9CEB8-8B4A-11D0-8D11-00A0C91BC942}") = "ALGSD_Lab_1", "ALGSD_Lab_1\ALGSD_Lab_1.vcxproj", "{752092B0-B077-425C-8272-9727EE1C6470}"
EndProject
Project("{8BC9CEB8-8B4A-11D0-8D11-00A0C91BC942}") = "ALGSD_Lab_1_test", "ALGSD_Lab_1_test\ALGSD_Lab_1_test.vcxproj", "{5F9B4A85-06EC-482E-8897-BF373710FFC9}"
EndProject
Global
	GlobalSection(SolutionConfigurationPlatforms) = preSolution
		Debug|x64 = Debug|x64
		Debug|x86 = Debug|x86
		Release|x64 = Release|x64
		Release|x86 = Release|x86
	EndGlobalSection
	GlobalSection(ProjectConfigurationPlatforms) = postSolution
		{752092B0-B077-425C-8272-9727EE1C6470}.Debug|x64.ActiveCfg = Debug|x64
		{752092B0-B077-425C-8272-9727EE1C6470}.Debug|x64.Build.0 = Debug|x64
		{752092B0-B077-425C-8272-9727EE1C6470}.Debug|x86.ActiveCfg = Debug|Win32
		{752092B0-B077-425C-8272-9727EE1C6470}.Debug|x86.Build.0 = Debug|Win32
		{752092B0-B077-425C-8272-9727EE1C6470}.Release|x64.ActiveCfg = Release|x64
		{752092B0-B077-425C-8272-9727EE1C6470}.Release|x64.Build.0 = Release|x64
		{752092B0-B077-425C-8272-9727EE1C6470}.Release|x86.ActiveCfg = Release|Win32
		{752092B0-B077-425C-8272-9727EE1C6470}.Release|x86.Build.0 = Release|Win32
		{5F9B4A85-06EC-482E-8897-BF373710FFC9}.Debug|x64.ActiveCfg = Debug|x64
		{5F9B4A85-06EC-482E-8897-BF373710FFC9}.Debug|x64.Build.0 = Debug|x64
		{5F9B4A85-06EC-482E-8897-BF373710FFC9}.Debug|x86.ActiveCfg = Debug|Win32
		{5F9B4A85-06EC-482E-8897-BF373710FFC9}.Debug|x86.Build.0 = Debug|Win32
		{5F9B4A85-06EC-482E-8897-BF373710FFC9}.Release|x64.ActiveCfg = Release|x64
		{5F9B4A85-06EC-482E-8897-BF373710FFC9}.Release|x64.Build.0 = Release|x64
		{5F9B4A85-06EC-482E-8897-BF373710FFC9}.Release|x86.ActiveCfg = Release|Win32
		{5F9B4A85-06EC-482E-8897-BF373710FFC9}.Release|x86.Build.0 = Release|Win32
	EndGlobalSection
	GlobalSection(SolutionProperties) = preSolution
		HideSolutionNode = FALSE
	EndGlobalSection
	GlobalSection(ExtensibilityGlobals) = postSolution
		SolutionGuid = {B7EE1DAC-C753-4408-BE05-F9065335E4C9}
	EndGlobalSection
EndGlobal
